// !$*UTF8*$!
{
	archiveVersion = 1;
	classes = {
	};
	objectVersion = 56;
	objects = {

/* Begin PBXBuildFile section */
		5110E82429E672B4001165DB /* AppDelegate.swift in Sources */ = {isa = PBXBuildFile; fileRef = 5110E82329E672B4001165DB /* AppDelegate.swift */; };
		5110E82629E672B4001165DB /* SceneDelegate.swift in Sources */ = {isa = PBXBuildFile; fileRef = 5110E82529E672B4001165DB /* SceneDelegate.swift */; };
		5110E82829E672B4001165DB /* ViewController.swift in Sources */ = {isa = PBXBuildFile; fileRef = 5110E82729E672B4001165DB /* ViewController.swift */; };
		5110E82B29E672B4001165DB /* Main.storyboard in Resources */ = {isa = PBXBuildFile; fileRef = 5110E82929E672B4001165DB /* Main.storyboard */; };
		5110E82D29E672B5001165DB /* Assets.xcassets in Resources */ = {isa = PBXBuildFile; fileRef = 5110E82C29E672B5001165DB /* Assets.xcassets */; };
		5110E83029E672B5001165DB /* LaunchScreen.storyboard in Resources */ = {isa = PBXBuildFile; fileRef = 5110E82E29E672B5001165DB /* LaunchScreen.storyboard */; };
		512FB3DA29F692E80074CF93 /* UIButton.storyboard in Resources */ = {isa = PBXBuildFile; fileRef = 512FB3D929F692E80074CF93 /* UIButton.storyboard */; };
		512FB3DE29F693920074CF93 /* VCButton.swift in Sources */ = {isa = PBXBuildFile; fileRef = 512FB3DD29F693920074CF93 /* VCButton.swift */; };
		5167835529F65667000C73AD /* UILabels.storyboard in Resources */ = {isa = PBXBuildFile; fileRef = 5167835429F65667000C73AD /* UILabels.storyboard */; };
		5167835729F65680000C73AD /* VCLabels.swift in Sources */ = {isa = PBXBuildFile; fileRef = 5167835629F65680000C73AD /* VCLabels.swift */; };
		5167835A29F65C73000C73AD /* UIViewController+Extension.swift in Sources */ = {isa = PBXBuildFile; fileRef = 5167835929F65C73000C73AD /* UIViewController+Extension.swift */; };
		5167835E29F65D34000C73AD /* Storyboard.swift in Sources */ = {isa = PBXBuildFile; fileRef = 5167835D29F65D34000C73AD /* Storyboard.swift */; };
		5167836029F68377000C73AD /* AttributedString+Extension.swift in Sources */ = {isa = PBXBuildFile; fileRef = 5167835F29F68377000C73AD /* AttributedString+Extension.swift */; };
		51F7ED4F29F2894D00E6C265 /* CustomTextField.swift in Sources */ = {isa = PBXBuildFile; fileRef = 51F7ED4E29F2894D00E6C265 /* CustomTextField.swift */; };
/* End PBXBuildFile section */

/* Begin PBXFileReference section */
		5110E82029E672B4001165DB /* iOS.app */ = {isa = PBXFileReference; explicitFileType = wrapper.application; includeInIndex = 0; path = iOS.app; sourceTree = BUILT_PRODUCTS_DIR; };
		5110E82329E672B4001165DB /* AppDelegate.swift */ = {isa = PBXFileReference; lastKnownFileType = sourcecode.swift; path = AppDelegate.swift; sourceTree = "<group>"; };
		5110E82529E672B4001165DB /* SceneDelegate.swift */ = {isa = PBXFileReference; lastKnownFileType = sourcecode.swift; path = SceneDelegate.swift; sourceTree = "<group>"; };
		5110E82729E672B4001165DB /* ViewController.swift */ = {isa = PBXFileReference; lastKnownFileType = sourcecode.swift; path = ViewController.swift; sourceTree = "<group>"; };
		5110E82A29E672B4001165DB /* Base */ = {isa = PBXFileReference; lastKnownFileType = file.storyboard; name = Base; path = Base.lproj/Main.storyboard; sourceTree = "<group>"; };
		5110E82C29E672B5001165DB /* Assets.xcassets */ = {isa = PBXFileReference; lastKnownFileType = folder.assetcatalog; path = Assets.xcassets; sourceTree = "<group>"; };
		5110E82F29E672B5001165DB /* Base */ = {isa = PBXFileReference; lastKnownFileType = file.storyboard; name = Base; path = Base.lproj/LaunchScreen.storyboard; sourceTree = "<group>"; };
		5110E83129E672B5001165DB /* Info.plist */ = {isa = PBXFileReference; lastKnownFileType = text.plist.xml; path = Info.plist; sourceTree = "<group>"; };
		512FB3D929F692E80074CF93 /* UIButton.storyboard */ = {isa = PBXFileReference; lastKnownFileType = file.storyboard; path = UIButton.storyboard; sourceTree = "<group>"; };
		512FB3DD29F693920074CF93 /* VCButton.swift */ = {isa = PBXFileReference; lastKnownFileType = sourcecode.swift; path = VCButton.swift; sourceTree = "<group>"; };
		5167835429F65667000C73AD /* UILabels.storyboard */ = {isa = PBXFileReference; lastKnownFileType = file.storyboard; path = UILabels.storyboard; sourceTree = "<group>"; };
		5167835629F65680000C73AD /* VCLabels.swift */ = {isa = PBXFileReference; lastKnownFileType = sourcecode.swift; path = VCLabels.swift; sourceTree = "<group>"; };
		5167835929F65C73000C73AD /* UIViewController+Extension.swift */ = {isa = PBXFileReference; lastKnownFileType = sourcecode.swift; path = "UIViewController+Extension.swift"; sourceTree = "<group>"; };
		5167835D29F65D34000C73AD /* Storyboard.swift */ = {isa = PBXFileReference; lastKnownFileType = sourcecode.swift; path = Storyboard.swift; sourceTree = "<group>"; };
		5167835F29F68377000C73AD /* AttributedString+Extension.swift */ = {isa = PBXFileReference; lastKnownFileType = sourcecode.swift; path = "AttributedString+Extension.swift"; sourceTree = "<group>"; };
		51F7ED4E29F2894D00E6C265 /* CustomTextField.swift */ = {isa = PBXFileReference; lastKnownFileType = sourcecode.swift; path = CustomTextField.swift; sourceTree = "<group>"; };
/* End PBXFileReference section */

/* Begin PBXFrameworksBuildPhase section */
		5110E81D29E672B4001165DB /* Frameworks */ = {
			isa = PBXFrameworksBuildPhase;
			buildActionMask = 2147483647;
			files = (
			);
			runOnlyForDeploymentPostprocessing = 0;
		};
/* End PBXFrameworksBuildPhase section */

/* Begin PBXGroup section */
		5110E81729E672B4001165DB = {
			isa = PBXGroup;
			children = (
				5110E82229E672B4001165DB /* iOS */,
				5110E82129E672B4001165DB /* Products */,
			);
			sourceTree = "<group>";
		};
		5110E82129E672B4001165DB /* Products */ = {
			isa = PBXGroup;
			children = (
				5110E82029E672B4001165DB /* iOS.app */,
			);
			name = Products;
			sourceTree = "<group>";
		};
		5110E82229E672B4001165DB /* iOS */ = {
			isa = PBXGroup;
			children = (
				5167835B29F65D01000C73AD /* Storyboards */,
				5167835829F65C1F000C73AD /* Extensions */,
				5167835329F65641000C73AD /* UIComponents */,
				5110E82329E672B4001165DB /* AppDelegate.swift */,
				5110E82529E672B4001165DB /* SceneDelegate.swift */,
				5110E82729E672B4001165DB /* ViewController.swift */,
				5110E82929E672B4001165DB /* Main.storyboard */,
				5110E82C29E672B5001165DB /* Assets.xcassets */,
				5110E82E29E672B5001165DB /* LaunchScreen.storyboard */,
				5110E83129E672B5001165DB /* Info.plist */,
				51F7ED4E29F2894D00E6C265 /* CustomTextField.swift */,
			);
			path = iOS;
			sourceTree = "<group>";
		};
		512FB3D729F691710074CF93 /* UILabels */ = {
			isa = PBXGroup;
			children = (
				5167835429F65667000C73AD /* UILabels.storyboard */,
				5167835629F65680000C73AD /* VCLabels.swift */,
			);
			path = UILabels;
			sourceTree = "<group>";
		};
		512FB3D829F692D10074CF93 /* UIButton */ = {
			isa = PBXGroup;
			children = (
				512FB3D929F692E80074CF93 /* UIButton.storyboard */,
				512FB3DD29F693920074CF93 /* VCButton.swift */,
			);
			path = UIButton;
			sourceTree = "<group>";
		};
		5167835329F65641000C73AD /* UIComponents */ = {
			isa = PBXGroup;
			children = (
				512FB3D829F692D10074CF93 /* UIButton */,
				512FB3D729F691710074CF93 /* UILabels */,
			);
			path = UIComponents;
			sourceTree = "<group>";
		};
		5167835829F65C1F000C73AD /* Extensions */ = {
			isa = PBXGroup;
			children = (
				5167835929F65C73000C73AD /* UIViewController+Extension.swift */,
				5167835F29F68377000C73AD /* AttributedString+Extension.swift */,
			);
			path = Extensions;
			sourceTree = "<group>";
		};
		5167835B29F65D01000C73AD /* Storyboards */ = {
			isa = PBXGroup;
			children = (
				5167835D29F65D34000C73AD /* Storyboard.swift */,
			);
			path = Storyboards;
			sourceTree = "<group>";
		};
/* End PBXGroup section */

/* Begin PBXNativeTarget section */
		5110E81F29E672B4001165DB /* iOS */ = {
			isa = PBXNativeTarget;
			buildConfigurationList = 5110E83429E672B5001165DB /* Build configuration list for PBXNativeTarget "iOS" */;
			buildPhases = (
				5110E81C29E672B4001165DB /* Sources */,
				5110E81D29E672B4001165DB /* Frameworks */,
				5110E81E29E672B4001165DB /* Resources */,
			);
			buildRules = (
			);
			dependencies = (
			);
			name = iOS;
			productName = iOS;
			productReference = 5110E82029E672B4001165DB /* iOS.app */;
			productType = "com.apple.product-type.application";
		};
/* End PBXNativeTarget section */

/* Begin PBXProject section */
		5110E81829E672B4001165DB /* Project object */ = {
			isa = PBXProject;
			attributes = {
				BuildIndependentTargetsInParallel = 1;
				LastSwiftUpdateCheck = 1420;
				LastUpgradeCheck = 1420;
				TargetAttributes = {
					5110E81F29E672B4001165DB = {
						CreatedOnToolsVersion = 14.2;
					};
				};
			};
			buildConfigurationList = 5110E81B29E672B4001165DB /* Build configuration list for PBXProject "iOS" */;
			compatibilityVersion = "Xcode 14.0";
			developmentRegion = en;
			hasScannedForEncodings = 0;
			knownRegions = (
				en,
				Base,
			);
			mainGroup = 5110E81729E672B4001165DB;
			productRefGroup = 5110E82129E672B4001165DB /* Products */;
			projectDirPath = "";
			projectRoot = "";
			targets = (
				5110E81F29E672B4001165DB /* iOS */,
			);
		};
/* End PBXProject section */

/* Begin PBXResourcesBuildPhase section */
		5110E81E29E672B4001165DB /* Resources */ = {
			isa = PBXResourcesBuildPhase;
			buildActionMask = 2147483647;
			files = (
				5110E83029E672B5001165DB /* LaunchScreen.storyboard in Resources */,
				5110E82D29E672B5001165DB /* Assets.xcassets in Resources */,
				512FB3DA29F692E80074CF93 /* UIButton.storyboard in Resources */,
				5110E82B29E672B4001165DB /* Main.storyboard in Resources */,
				5167835529F65667000C73AD /* UILabels.storyboard in Resources */,
			);
			runOnlyForDeploymentPostprocessing = 0;
		};
/* End PBXResourcesBuildPhase section */

/* Begin PBXSourcesBuildPhase section */
		5110E81C29E672B4001165DB /* Sources */ = {
			isa = PBXSourcesBuildPhase;
			buildActionMask = 2147483647;
			files = (
				5167835A29F65C73000C73AD /* UIViewController+Extension.swift in Sources */,
				512FB3DE29F693920074CF93 /* VCButton.swift in Sources */,
				51F7ED4F29F2894D00E6C265 /* CustomTextField.swift in Sources */,
				5110E82829E672B4001165DB /* ViewController.swift in Sources */,
				5167835E29F65D34000C73AD /* Storyboard.swift in Sources */,
				5167836029F68377000C73AD /* AttributedString+Extension.swift in Sources */,
				5110E82429E672B4001165DB /* AppDelegate.swift in Sources */,
				5110E82629E672B4001165DB /* SceneDelegate.swift in Sources */,
				5167835729F65680000C73AD /* VCLabels.swift in Sources */,
			);
			runOnlyForDeploymentPostprocessing = 0;
		};
/* End PBXSourcesBuildPhase section */

/* Begin PBXVariantGroup section */
		5110E82929E672B4001165DB /* Main.storyboard */ = {
			isa = PBXVariantGroup;
			children = (
				5110E82A29E672B4001165DB /* Base */,
			);
			name = Main.storyboard;
			sourceTree = "<group>";
		};
		5110E82E29E672B5001165DB /* LaunchScreen.storyboard */ = {
			isa = PBXVariantGroup;
			children = (
				5110E82F29E672B5001165DB /* Base */,
			);
			name = LaunchScreen.storyboard;
			sourceTree = "<group>";
		};
/* End PBXVariantGroup section */

/* Begin XCBuildConfiguration section */
		5110E83229E672B5001165DB /* Debug */ = {
			isa = XCBuildConfiguration;
			buildSettings = {
				ALWAYS_SEARCH_USER_PATHS = NO;
				CLANG_ANALYZER_NONNULL = YES;
				CLANG_ANALYZER_NUMBER_OBJECT_CONVERSION = YES_AGGRESSIVE;
				CLANG_CXX_LANGUAGE_STANDARD = "gnu++20";
				CLANG_ENABLE_MODULES = YES;
				CLANG_ENABLE_OBJC_ARC = YES;
				CLANG_ENABLE_OBJC_WEAK = YES;
				CLANG_WARN_BLOCK_CAPTURE_AUTORELEASING = YES;
				CLANG_WARN_BOOL_CONVERSION = YES;
				CLANG_WARN_COMMA = YES;
				CLANG_WARN_CONSTANT_CONVERSION = YES;
				CLANG_WARN_DEPRECATED_OBJC_IMPLEMENTATIONS = YES;
				CLANG_WARN_DIRECT_OBJC_ISA_USAGE = YES_ERROR;
				CLANG_WARN_DOCUMENTATION_COMMENTS = YES;
				CLANG_WARN_EMPTY_BODY = YES;
				CLANG_WARN_ENUM_CONVERSION = YES;
				CLANG_WARN_INFINITE_RECURSION = YES;
				CLANG_WARN_INT_CONVERSION = YES;
				CLANG_WARN_NON_LITERAL_NULL_CONVERSION = YES;
				CLANG_WARN_OBJC_IMPLICIT_RETAIN_SELF = YES;
				CLANG_WARN_OBJC_LITERAL_CONVERSION = YES;
				CLANG_WARN_OBJC_ROOT_CLASS = YES_ERROR;
				CLANG_WARN_QUOTED_INCLUDE_IN_FRAMEWORK_HEADER = YES;
				CLANG_WARN_RANGE_LOOP_ANALYSIS = YES;
				CLANG_WARN_STRICT_PROTOTYPES = YES;
				CLANG_WARN_SUSPICIOUS_MOVE = YES;
				CLANG_WARN_UNGUARDED_AVAILABILITY = YES_AGGRESSIVE;
				CLANG_WARN_UNREACHABLE_CODE = YES;
				CLANG_WARN__DUPLICATE_METHOD_MATCH = YES;
				COPY_PHASE_STRIP = NO;
				DEBUG_INFORMATION_FORMAT = dwarf;
				ENABLE_STRICT_OBJC_MSGSEND = YES;
				ENABLE_TESTABILITY = YES;
				GCC_C_LANGUAGE_STANDARD = gnu11;
				GCC_DYNAMIC_NO_PIC = NO;
				GCC_NO_COMMON_BLOCKS = YES;
				GCC_OPTIMIZATION_LEVEL = 0;
				GCC_PREPROCESSOR_DEFINITIONS = (
					"DEBUG=1",
					"$(inherited)",
				);
				GCC_WARN_64_TO_32_BIT_CONVERSION = YES;
				GCC_WARN_ABOUT_RETURN_TYPE = YES_ERROR;
				GCC_WARN_UNDECLARED_SELECTOR = YES;
				GCC_WARN_UNINITIALIZED_AUTOS = YES_AGGRESSIVE;
				GCC_WARN_UNUSED_FUNCTION = YES;
				GCC_WARN_UNUSED_VARIABLE = YES;
				IPHONEOS_DEPLOYMENT_TARGET = 16.2;
				MTL_ENABLE_DEBUG_INFO = INCLUDE_SOURCE;
				MTL_FAST_MATH = YES;
				ONLY_ACTIVE_ARCH = YES;
				SDKROOT = iphoneos;
				SWIFT_ACTIVE_COMPILATION_CONDITIONS = DEBUG;
				SWIFT_OPTIMIZATION_LEVEL = "-Onone";
			};
			name = Debug;
		};
		5110E83329E672B5001165DB /* Release */ = {
			isa = XCBuildConfiguration;
			buildSettings = {
				ALWAYS_SEARCH_USER_PATHS = NO;
				CLANG_ANALYZER_NONNULL = YES;
				CLANG_ANALYZER_NUMBER_OBJECT_CONVERSION = YES_AGGRESSIVE;
				CLANG_CXX_LANGUAGE_STANDARD = "gnu++20";
				CLANG_ENABLE_MODULES = YES;
				CLANG_ENABLE_OBJC_ARC = YES;
				CLANG_ENABLE_OBJC_WEAK = YES;
				CLANG_WARN_BLOCK_CAPTURE_AUTORELEASING = YES;
				CLANG_WARN_BOOL_CONVERSION = YES;
				CLANG_WARN_COMMA = YES;
				CLANG_WARN_CONSTANT_CONVERSION = YES;
				CLANG_WARN_DEPRECATED_OBJC_IMPLEMENTATIONS = YES;
				CLANG_WARN_DIRECT_OBJC_ISA_USAGE = YES_ERROR;
				CLANG_WARN_DOCUMENTATION_COMMENTS = YES;
				CLANG_WARN_EMPTY_BODY = YES;
				CLANG_WARN_ENUM_CONVERSION = YES;
				CLANG_WARN_INFINITE_RECURSION = YES;
				CLANG_WARN_INT_CONVERSION = YES;
				CLANG_WARN_NON_LITERAL_NULL_CONVERSION = YES;
				CLANG_WARN_OBJC_IMPLICIT_RETAIN_SELF = YES;
				CLANG_WARN_OBJC_LITERAL_CONVERSION = YES;
				CLANG_WARN_OBJC_ROOT_CLASS = YES_ERROR;
				CLANG_WARN_QUOTED_INCLUDE_IN_FRAMEWORK_HEADER = YES;
				CLANG_WARN_RANGE_LOOP_ANALYSIS = YES;
				CLANG_WARN_STRICT_PROTOTYPES = YES;
				CLANG_WARN_SUSPICIOUS_MOVE = YES;
				CLANG_WARN_UNGUARDED_AVAILABILITY = YES_AGGRESSIVE;
				CLANG_WARN_UNREACHABLE_CODE = YES;
				CLANG_WARN__DUPLICATE_METHOD_MATCH = YES;
				COPY_PHASE_STRIP = NO;
				DEBUG_INFORMATION_FORMAT = "dwarf-with-dsym";
				ENABLE_NS_ASSERTIONS = NO;
				ENABLE_STRICT_OBJC_MSGSEND = YES;
				GCC_C_LANGUAGE_STANDARD = gnu11;
				GCC_NO_COMMON_BLOCKS = YES;
				GCC_WARN_64_TO_32_BIT_CONVERSION = YES;
				GCC_WARN_ABOUT_RETURN_TYPE = YES_ERROR;
				GCC_WARN_UNDECLARED_SELECTOR = YES;
				GCC_WARN_UNINITIALIZED_AUTOS = YES_AGGRESSIVE;
				GCC_WARN_UNUSED_FUNCTION = YES;
				GCC_WARN_UNUSED_VARIABLE = YES;
				IPHONEOS_DEPLOYMENT_TARGET = 16.2;
				MTL_ENABLE_DEBUG_INFO = NO;
				MTL_FAST_MATH = YES;
				SDKROOT = iphoneos;
				SWIFT_COMPILATION_MODE = wholemodule;
				SWIFT_OPTIMIZATION_LEVEL = "-O";
				VALIDATE_PRODUCT = YES;
			};
			name = Release;
		};
		5110E83529E672B5001165DB /* Debug */ = {
			isa = XCBuildConfiguration;
			buildSettings = {
				ASSETCATALOG_COMPILER_APPICON_NAME = AppIcon;
				ASSETCATALOG_COMPILER_GLOBAL_ACCENT_COLOR_NAME = AccentColor;
				CODE_SIGN_STYLE = Automatic;
				CURRENT_PROJECT_VERSION = 1;
				GENERATE_INFOPLIST_FILE = YES;
				INFOPLIST_FILE = iOS/Info.plist;
				INFOPLIST_KEY_UIApplicationSupportsIndirectInputEvents = YES;
				INFOPLIST_KEY_UILaunchStoryboardName = LaunchScreen;
				INFOPLIST_KEY_UIMainStoryboardFile = Main;
				INFOPLIST_KEY_UISupportedInterfaceOrientations_iPad = "UIInterfaceOrientationPortrait UIInterfaceOrientationPortraitUpsideDown UIInterfaceOrientationLandscapeLeft UIInterfaceOrientationLandscapeRight";
				INFOPLIST_KEY_UISupportedInterfaceOrientations_iPhone = "UIInterfaceOrientationPortrait UIInterfaceOrientationLandscapeLeft UIInterfaceOrientationLandscapeRight";
				LD_RUNPATH_SEARCH_PATHS = (
					"$(inherited)",
					"@executable_path/Frameworks",
				);
				MARKETING_VERSION = 1.0;
				PRODUCT_BUNDLE_IDENTIFIER = com.simform.iOS.iOS;
				PRODUCT_NAME = "$(TARGET_NAME)";
				SWIFT_EMIT_LOC_STRINGS = YES;
				SWIFT_VERSION = 5.0;
				TARGETED_DEVICE_FAMILY = "1,2";
			};
			name = Debug;
		};
		5110E83629E672B5001165DB /* Release */ = {
			isa = XCBuildConfiguration;
			buildSettings = {
				ASSETCATALOG_COMPILER_APPICON_NAME = AppIcon;
				ASSETCATALOG_COMPILER_GLOBAL_ACCENT_COLOR_NAME = AccentColor;
				CODE_SIGN_STYLE = Automatic;
				CURRENT_PROJECT_VERSION = 1;
				GENERATE_INFOPLIST_FILE = YES;
				INFOPLIST_FILE = iOS/Info.plist;
				INFOPLIST_KEY_UIApplicationSupportsIndirectInputEvents = YES;
				INFOPLIST_KEY_UILaunchStoryboardName = LaunchScreen;
				INFOPLIST_KEY_UIMainStoryboardFile = Main;
				INFOPLIST_KEY_UISupportedInterfaceOrientations_iPad = "UIInterfaceOrientationPortrait UIInterfaceOrientationPortraitUpsideDown UIInterfaceOrientationLandscapeLeft UIInterfaceOrientationLandscapeRight";
				INFOPLIST_KEY_UISupportedInterfaceOrientations_iPhone = "UIInterfaceOrientationPortrait UIInterfaceOrientationLandscapeLeft UIInterfaceOrientationLandscapeRight";
				LD_RUNPATH_SEARCH_PATHS = (
					"$(inherited)",
					"@executable_path/Frameworks",
				);
				MARKETING_VERSION = 1.0;
				PRODUCT_BUNDLE_IDENTIFIER = com.simform.iOS.iOS;
				PRODUCT_NAME = "$(TARGET_NAME)";
				SWIFT_EMIT_LOC_STRINGS = YES;
				SWIFT_VERSION = 5.0;
				TARGETED_DEVICE_FAMILY = "1,2";
			};
			name = Release;
		};
/* End XCBuildConfiguration section */

/* Begin XCConfigurationList section */
		5110E81B29E672B4001165DB /* Build configuration list for PBXProject "iOS" */ = {
			isa = XCConfigurationList;
			buildConfigurations = (
				5110E83229E672B5001165DB /* Debug */,
				5110E83329E672B5001165DB /* Release */,
			);
			defaultConfigurationIsVisible = 0;
			defaultConfigurationName = Release;
		};
		5110E83429E672B5001165DB /* Build configuration list for PBXNativeTarget "iOS" */ = {
			isa = XCConfigurationList;
			buildConfigurations = (
				5110E83529E672B5001165DB /* Debug */,
				5110E83629E672B5001165DB /* Release */,
			);
			defaultConfigurationIsVisible = 0;
			defaultConfigurationName = Release;
		};
/* End XCConfigurationList section */
	};
	rootObject = 5110E81829E672B4001165DB /* Project object */;
}
